// !$*UTF8*$!
{
	archiveVersion = 1;
	classes = {
	};
	objectVersion = 46;
	objects = {

/* Begin PBXBuildFile section */
		D0012EB61987ADA7000BE86D /* main.m in Sources */ = {isa = PBXBuildFile; fileRef = D0012EB51987ADA7000BE86D /* main.m */; };
		D0012EB91987ADA7000BE86D /* AppDelegate.m in Sources */ = {isa = PBXBuildFile; fileRef = D0012EB81987ADA7000BE86D /* AppDelegate.m */; };
		D0012EBB1987ADA7000BE86D /* Images.xcassets in Resources */ = {isa = PBXBuildFile; fileRef = D0012EBA1987ADA7000BE86D /* Images.xcassets */; };
		D0012EBE1987ADA8000BE86D /* MainMenu.xib in Resources */ = {isa = PBXBuildFile; fileRef = D0012EBC1987ADA8000BE86D /* MainMenu.xib */; };
		D0012ECA1987ADA8000BE86D /* AnimatingToggleButtonTests.m in Sources */ = {isa = PBXBuildFile; fileRef = D0012EC91987ADA8000BE86D /* AnimatingToggleButtonTests.m */; };
		D0012ED51987AE26000BE86D /* PNLAnimatingButtonCell.m in Sources */ = {isa = PBXBuildFile; fileRef = D0012ED41987AE26000BE86D /* PNLAnimatingButtonCell.m */; };
/* End PBXBuildFile section */

/* Begin PBXContainerItemProxy section */
		D0012EC41987ADA8000BE86D /* PBXContainerItemProxy */ = {
			isa = PBXContainerItemProxy;
			containerPortal = D0012EA81987ADA7000BE86D /* Project object */;
			proxyType = 1;
			remoteGlobalIDString = D0012EAF1987ADA7000BE86D;
			remoteInfo = AnimatingToggleButton;
		};
/* End PBXContainerItemProxy section */

/* Begin PBXFileReference section */
		D0012EB01987ADA7000BE86D /* AnimatingToggleButton.app */ = {isa = PBXFileReference; explicitFileType = wrapper.application; includeInIndex = 0; path = AnimatingToggleButton.app; sourceTree = BUILT_PRODUCTS_DIR; };
		D0012EB41987ADA7000BE86D /* Info.plist */ = {isa = PBXFileReference; lastKnownFileType = text.plist.xml; path = Info.plist; sourceTree = "<group>"; };
		D0012EB51987ADA7000BE86D /* main.m */ = {isa = PBXFileReference; lastKnownFileType = sourcecode.c.objc; path = main.m; sourceTree = "<group>"; };
		D0012EB71987ADA7000BE86D /* AppDelegate.h */ = {isa = PBXFileReference; lastKnownFileType = sourcecode.c.h; path = AppDelegate.h; sourceTree = "<group>"; };
		D0012EB81987ADA7000BE86D /* AppDelegate.m */ = {isa = PBXFileReference; lastKnownFileType = sourcecode.c.objc; path = AppDelegate.m; sourceTree = "<group>"; };
		D0012EBA1987ADA7000BE86D /* Images.xcassets */ = {isa = PBXFileReference; lastKnownFileType = folder.assetcatalog; path = Images.xcassets; sourceTree = "<group>"; };
		D0012EBD1987ADA8000BE86D /* Base */ = {isa = PBXFileReference; lastKnownFileType = file.xib; name = Base; path = Base.lproj/MainMenu.xib; sourceTree = "<group>"; };
		D0012EC31987ADA8000BE86D /* AnimatingToggleButtonTests.xctest */ = {isa = PBXFileReference; explicitFileType = wrapper.cfbundle; includeInIndex = 0; path = AnimatingToggleButtonTests.xctest; sourceTree = BUILT_PRODUCTS_DIR; };
		D0012EC81987ADA8000BE86D /* Info.plist */ = {isa = PBXFileReference; lastKnownFileType = text.plist.xml; path = Info.plist; sourceTree = "<group>"; };
		D0012EC91987ADA8000BE86D /* AnimatingToggleButtonTests.m */ = {isa = PBXFileReference; lastKnownFileType = sourcecode.c.objc; path = AnimatingToggleButtonTests.m; sourceTree = "<group>"; };
		D0012ED31987AE26000BE86D /* PNLAnimatingButtonCell.h */ = {isa = PBXFileReference; fileEncoding = 4; lastKnownFileType = sourcecode.c.h; path = PNLAnimatingButtonCell.h; sourceTree = "<group>"; };
		D0012ED41987AE26000BE86D /* PNLAnimatingButtonCell.m */ = {isa = PBXFileReference; fileEncoding = 4; lastKnownFileType = sourcecode.c.objc; path = PNLAnimatingButtonCell.m; sourceTree = "<group>"; };
/* End PBXFileReference section */

/* Begin PBXFrameworksBuildPhase section */
		D0012EAD1987ADA7000BE86D /* Frameworks */ = {
			isa = PBXFrameworksBuildPhase;
			buildActionMask = 2147483647;
			files = (
			);
			runOnlyForDeploymentPostprocessing = 0;
		};
		D0012EC01987ADA8000BE86D /* Frameworks */ = {
			isa = PBXFrameworksBuildPhase;
			buildActionMask = 2147483647;
			files = (
			);
			runOnlyForDeploymentPostprocessing = 0;
		};
/* End PBXFrameworksBuildPhase section */

/* Begin PBXGroup section */
		D0012EA71987ADA7000BE86D = {
			isa = PBXGroup;
			children = (
				D0012EB21987ADA7000BE86D /* AnimatingToggleButton */,
				D0012EC61987ADA8000BE86D /* AnimatingToggleButtonTests */,
				D0012EB11987ADA7000BE86D /* Products */,
			);
			sourceTree = "<group>";
		};
		D0012EB11987ADA7000BE86D /* Products */ = {
			isa = PBXGroup;
			children = (
				D0012EB01987ADA7000BE86D /* AnimatingToggleButton.app */,
				D0012EC31987ADA8000BE86D /* AnimatingToggleButtonTests.xctest */,
			);
			name = Products;
			sourceTree = "<group>";
		};
		D0012EB21987ADA7000BE86D /* AnimatingToggleButton */ = {
			isa = PBXGroup;
			children = (
				D0012EB71987ADA7000BE86D /* AppDelegate.h */,
				D0012EB81987ADA7000BE86D /* AppDelegate.m */,
				D0012ED31987AE26000BE86D /* PNLAnimatingButtonCell.h */,
				D0012ED41987AE26000BE86D /* PNLAnimatingButtonCell.m */,
				D0012EBA1987ADA7000BE86D /* Images.xcassets */,
				D0012EBC1987ADA8000BE86D /* MainMenu.xib */,
				D0012EB31987ADA7000BE86D /* Supporting Files */,
			);
			path = AnimatingToggleButton;
			sourceTree = "<group>";
		};
		D0012EB31987ADA7000BE86D /* Supporting Files */ = {
			isa = PBXGroup;
			children = (
				D0012EB41987ADA7000BE86D /* Info.plist */,
				D0012EB51987ADA7000BE86D /* main.m */,
			);
			name = "Supporting Files";
			sourceTree = "<group>";
		};
		D0012EC61987ADA8000BE86D /* AnimatingToggleButtonTests */ = {
			isa = PBXGroup;
			children = (
				D0012EC91987ADA8000BE86D /* AnimatingToggleButtonTests.m */,
				D0012EC71987ADA8000BE86D /* Supporting Files */,
			);
			path = AnimatingToggleButtonTests;
			sourceTree = "<group>";
		};
		D0012EC71987ADA8000BE86D /* Supporting Files */ = {
			isa = PBXGroup;
			children = (
				D0012EC81987ADA8000BE86D /* Info.plist */,
			);
			name = "Supporting Files";
			sourceTree = "<group>";
		};
/* End PBXGroup section */

/* Begin PBXNativeTarget section */
		D0012EAF1987ADA7000BE86D /* AnimatingToggleButton */ = {
			isa = PBXNativeTarget;
			buildConfigurationList = D0012ECD1987ADA8000BE86D /* Build configuration list for PBXNativeTarget "AnimatingToggleButton" */;
			buildPhases = (
				D0012EAC1987ADA7000BE86D /* Sources */,
				D0012EAD1987ADA7000BE86D /* Frameworks */,
				D0012EAE1987ADA7000BE86D /* Resources */,
			);
			buildRules = (
			);
			dependencies = (
			);
			name = AnimatingToggleButton;
			productName = AnimatingToggleButton;
			productReference = D0012EB01987ADA7000BE86D /* AnimatingToggleButton.app */;
			productType = "com.apple.product-type.application";
		};
		D0012EC21987ADA8000BE86D /* AnimatingToggleButtonTests */ = {
			isa = PBXNativeTarget;
			buildConfigurationList = D0012ED01987ADA8000BE86D /* Build configuration list for PBXNativeTarget "AnimatingToggleButtonTests" */;
			buildPhases = (
				D0012EBF1987ADA8000BE86D /* Sources */,
				D0012EC01987ADA8000BE86D /* Frameworks */,
				D0012EC11987ADA8000BE86D /* Resources */,
			);
			buildRules = (
			);
			dependencies = (
				D0012EC51987ADA8000BE86D /* PBXTargetDependency */,
			);
			name = AnimatingToggleButtonTests;
			productName = AnimatingToggleButtonTests;
			productReference = D0012EC31987ADA8000BE86D /* AnimatingToggleButtonTests.xctest */;
			productType = "com.apple.product-type.bundle.unit-test";
		};
/* End PBXNativeTarget section */

/* Begin PBXProject section */
		D0012EA81987ADA7000BE86D /* Project object */ = {
			isa = PBXProject;
			attributes = {
				LastUpgradeCheck = 0600;
				ORGANIZATIONNAME = "Stairways Software";
				TargetAttributes = {
					D0012EAF1987ADA7000BE86D = {
						CreatedOnToolsVersion = 6.0;
					};
					D0012EC21987ADA8000BE86D = {
						CreatedOnToolsVersion = 6.0;
						TestTargetID = D0012EAF1987ADA7000BE86D;
					};
				};
			};
			buildConfigurationList = D0012EAB1987ADA7000BE86D /* Build configuration list for PBXProject "AnimatingToggleButton" */;
			compatibilityVersion = "Xcode 3.2";
			developmentRegion = English;
			hasScannedForEncodings = 0;
			knownRegions = (
				en,
				Base,
			);
			mainGroup = D0012EA71987ADA7000BE86D;
			productRefGroup = D0012EB11987ADA7000BE86D /* Products */;
			projectDirPath = "";
			projectRoot = "";
			targets = (
				D0012EAF1987ADA7000BE86D /* AnimatingToggleButton */,
				D0012EC21987ADA8000BE86D /* AnimatingToggleButtonTests */,
			);
		};
/* End PBXProject section */

/* Begin PBXResourcesBuildPhase section */
		D0012EAE1987ADA7000BE86D /* Resources */ = {
			isa = PBXResourcesBuildPhase;
			buildActionMask = 2147483647;
			files = (
				D0012EBB1987ADA7000BE86D /* Images.xcassets in Resources */,
				D0012EBE1987ADA8000BE86D /* MainMenu.xib in Resources */,
			);
			runOnlyForDeploymentPostprocessing = 0;
		};
		D0012EC11987ADA8000BE86D /* Resources */ = {
			isa = PBXResourcesBuildPhase;
			buildActionMask = 2147483647;
			files = (
			);
			runOnlyForDeploymentPostprocessing = 0;
		};
/* End PBXResourcesBuildPhase section */

/* Begin PBXSourcesBuildPhase section */
		D0012EAC1987ADA7000BE86D /* Sources */ = {
			isa = PBXSourcesBuildPhase;
			buildActionMask = 2147483647;
			files = (
				D0012EB91987ADA7000BE86D /* AppDelegate.m in Sources */,
				D0012EB61987ADA7000BE86D /* main.m in Sources */,
				D0012ED51987AE26000BE86D /* PNLAnimatingButtonCell.m in Sources */,
			);
			runOnlyForDeploymentPostprocessing = 0;
		};
		D0012EBF1987ADA8000BE86D /* Sources */ = {
			isa = PBXSourcesBuildPhase;
			buildActionMask = 2147483647;
			files = (
				D0012ECA1987ADA8000BE86D /* AnimatingToggleButtonTests.m in Sources */,
			);
			runOnlyForDeploymentPostprocessing = 0;
		};
/* End PBXSourcesBuildPhase section */

/* Begin PBXTargetDependency section */
		D0012EC51987ADA8000BE86D /* PBXTargetDependency */ = {
			isa = PBXTargetDependency;
			target = D0012EAF1987ADA7000BE86D /* AnimatingToggleButton */;
			targetProxy = D0012EC41987ADA8000BE86D /* PBXContainerItemProxy */;
		};
/* End PBXTargetDependency section */

/* Begin PBXVariantGroup section */
		D0012EBC1987ADA8000BE86D /* MainMenu.xib */ = {
			isa = PBXVariantGroup;
			children = (
				D0012EBD1987ADA8000BE86D /* Base */,
			);
			name = MainMenu.xib;
			sourceTree = "<group>";
		};
/* End PBXVariantGroup section */

/* Begin XCBuildConfiguration section */
		D0012ECB1987ADA8000BE86D /* Debug */ = {
			isa = XCBuildConfiguration;
			buildSettings = {
				ALWAYS_SEARCH_USER_PATHS = NO;
				CLANG_CXX_LANGUAGE_STANDARD = "gnu++0x";
				CLANG_CXX_LIBRARY = "libc++";
				CLANG_ENABLE_MODULES = YES;
				CLANG_ENABLE_OBJC_ARC = YES;
				CLANG_WARN_BOOL_CONVERSION = YES;
				CLANG_WARN_CONSTANT_CONVERSION = YES;
				CLANG_WARN_DIRECT_OBJC_ISA_USAGE = YES_ERROR;
				CLANG_WARN_EMPTY_BODY = YES;
				CLANG_WARN_ENUM_CONVERSION = YES;
				CLANG_WARN_INT_CONVERSION = YES;
				CLANG_WARN_OBJC_ROOT_CLASS = YES_ERROR;
				CLANG_WARN_UNREACHABLE_CODE = YES;
				CLANG_WARN__DUPLICATE_METHOD_MATCH = YES;
				CODE_SIGN_IDENTITY = "-";
				COPY_PHASE_STRIP = NO;
				ENABLE_STRICT_OBJC_MSGSEND = YES;
				GCC_C_LANGUAGE_STANDARD = gnu99;
				GCC_DYNAMIC_NO_PIC = NO;
				GCC_OPTIMIZATION_LEVEL = 0;
				GCC_PREPROCESSOR_DEFINITIONS = (
					"DEBUG=1",
					"$(inherited)",
				);
				GCC_SYMBOLS_PRIVATE_EXTERN = NO;
				GCC_WARN_64_TO_32_BIT_CONVERSION = YES;
				GCC_WARN_ABOUT_RETURN_TYPE = YES_ERROR;
				GCC_WARN_UNDECLARED_SELECTOR = YES;
				GCC_WARN_UNINITIALIZED_AUTOS = YES_AGGRESSIVE;
				GCC_WARN_UNUSED_FUNCTION = YES;
				GCC_WARN_UNUSED_VARIABLE = YES;
				MACOSX_DEPLOYMENT_TARGET = 10.10;
				MTL_ENABLE_DEBUG_INFO = YES;
				ONLY_ACTIVE_ARCH = YES;
				SDKROOT = macosx;
			};
			name = Debug;
		};
		D0012ECC1987ADA8000BE86D /* Release */ = {
			isa = XCBuildConfiguration;
			buildSettings = {
				ALWAYS_SEARCH_USER_PATHS = NO;
				CLANG_CXX_LANGUAGE_STANDARD = "gnu++0x";
				CLANG_CXX_LIBRARY = "libc++";
				CLANG_ENABLE_MODULES = YES;
				CLANG_ENABLE_OBJC_ARC = YES;
				CLANG_WARN_BOOL_CONVERSION = YES;
				CLANG_WARN_CONSTANT_CONVERSION = YES;
				CLANG_WARN_DIRECT_OBJC_ISA_USAGE = YES_ERROR;
				CLANG_WARN_EMPTY_BODY = YES;
				CLANG_WARN_ENUM_CONVERSION = YES;
				CLANG_WARN_INT_CONVERSION = YES;
				CLANG_WARN_OBJC_ROOT_CLASS = YES_ERROR;
				CLANG_WARN_UNREACHABLE_CODE = YES;
				CLANG_WARN__DUPLICATE_METHOD_MATCH = YES;
				CODE_SIGN_IDENTITY = "-";
				COPY_PHASE_STRIP = YES;
				DEBUG_INFORMATION_FORMAT = "dwarf-with-dsym";
				ENABLE_NS_ASSERTIONS = NO;
				ENABLE_STRICT_OBJC_MSGSEND = YES;
				GCC_C_LANGUAGE_STANDARD = gnu99;
				GCC_WARN_64_TO_32_BIT_CONVERSION = YES;
				GCC_WARN_ABOUT_RETURN_TYPE = YES_ERROR;
				GCC_WARN_UNDECLARED_SELECTOR = YES;
				GCC_WARN_UNINITIALIZED_AUTOS = YES_AGGRESSIVE;
				GCC_WARN_UNUSED_FUNCTION = YES;
				GCC_WARN_UNUSED_VARIABLE = YES;
				MACOSX_DEPLOYMENT_TARGET = 10.10;
				MTL_ENABLE_DEBUG_INFO = NO;
				SDKROOT = macosx;
			};
			name = Release;
		};
		D0012ECE1987ADA8000BE86D /* Debug */ = {
			isa = XCBuildConfiguration;
			buildSettings = {
				ASSETCATALOG_COMPILER_APPICON_NAME = AppIcon;
				COMBINE_HIDPI_IMAGES = YES;
				INFOPLIST_FILE = AnimatingToggleButton/Info.plist;
				LD_RUNPATH_SEARCH_PATHS = "$(inherited) @executable_path/../Frameworks";
				PRODUCT_NAME = "$(TARGET_NAME)";
			};
			name = Debug;
		};
		D0012ECF1987ADA8000BE86D /* Release */ = {
			isa = XCBuildConfiguration;
			buildSettings = {
				ASSETCATALOG_COMPILER_APPICON_NAME = AppIcon;
				COMBINE_HIDPI_IMAGES = YES;
				INFOPLIST_FILE = AnimatingToggleButton/Info.plist;
				LD_RUNPATH_SEARCH_PATHS = "$(inherited) @executable_path/../Frameworks";
				PRODUCT_NAME = "$(TARGET_NAME)";
			};
			name = Release;
		};
		D0012ED11987ADA8000BE86D /* Debug */ = {
			isa = XCBuildConfiguration;
			buildSettings = {
				BUNDLE_LOADER = "$(BUILT_PRODUCTS_DIR)/AnimatingToggleButton.app/Contents/MacOS/AnimatingToggleButton";
				COMBINE_HIDPI_IMAGES = YES;
				FRAMEWORK_SEARCH_PATHS = (
					"$(DEVELOPER_FRAMEWORKS_DIR)",
					"$(inherited)",
				);
				GCC_PREPROCESSOR_DEFINITIONS = (
					"DEBUG=1",
					"$(inherited)",
				);
				INFOPLIST_FILE = AnimatingToggleButtonTests/Info.plist;
				LD_RUNPATH_SEARCH_PATHS = "$(inherited) @executable_path/../Frameworks @loader_path/../Frameworks";
				PRODUCT_NAME = "$(TARGET_NAME)";
				TEST_HOST = "$(BUNDLE_LOADER)";
			};
			name = Debug;
		};
		D0012ED21987ADA8000BE86D /* Release */ = {
			isa = XCBuildConfiguration;
			buildSettings = {
				BUNDLE_LOADER = "$(BUILT_PRODUCTS_DIR)/AnimatingToggleButton.app/Contents/MacOS/AnimatingToggleButton";
				COMBINE_HIDPI_IMAGES = YES;
				FRAMEWORK_SEARCH_PATHS = (
					"$(DEVELOPER_FRAMEWORKS_DIR)",
					"$(inherited)",
				);
				INFOPLIST_FILE = AnimatingToggleButtonTests/Info.plist;
				LD_RUNPATH_SEARCH_PATHS = "$(inherited) @executable_path/../Frameworks @loader_path/../Frameworks";
				PRODUCT_NAME = "$(TARGET_NAME)";
				TEST_HOST = "$(BUNDLE_LOADER)";
			};
			name = Release;
		};
/* End XCBuildConfiguration section */

/* Begin XCConfigurationList section */
		D0012EAB1987ADA7000BE86D /* Build configuration list for PBXProject "AnimatingToggleButton" */ = {
			isa = XCConfigurationList;
			buildConfigurations = (
				D0012ECB1987ADA8000BE86D /* Debug */,
				D0012ECC1987ADA8000BE86D /* Release */,
			);
			defaultConfigurationIsVisible = 0;
			defaultConfigurationName = Release;
		};
		D0012ECD1987ADA8000BE86D /* Build configuration list for PBXNativeTarget "AnimatingToggleButton" */ = {
			isa = XCConfigurationList;
			buildConfigurations = (
				D0012ECE1987ADA8000BE86D /* Debug */,
				D0012ECF1987ADA8000BE86D /* Release */,
			);
			defaultConfigurationIsVisible = 0;
		};
		D0012ED01987ADA8000BE86D /* Build configuration list for PBXNativeTarget "AnimatingToggleButtonTests" */ = {
			isa = XCConfigurationList;
			buildConfigurations = (
				D0012ED11987ADA8000BE86D /* Debug */,
				D0012ED21987ADA8000BE86D /* Release */,
			);
			defaultConfigurationIsVisible = 0;
		};
/* End XCConfigurationList section */
	};
	rootObject = D0012EA81987ADA7000BE86D /* Project object */;
}
